
Microsoft Visual Studio Solution File, Format Version 12.00
# Visual Studio Version 16
VisualStudioVersion = 16.0.30011.22
MinimumVisualStudioVersion = 10.0.40219.1
Project("{FAE04EC0-301F-11D3-BF4B-00C04F79EFBC}") = "QuizThreeForCSharp", "QuizThreeForCSharp\QuizThreeForCSharp.csproj", "{15ADE546-17AF-4B41-9B18-475B2EE72C3B}"
EndProject
Global
	GlobalSection(SolutionConfigurationPlatforms) = preSolution
		Debug|Any CPU = Debug|Any CPU
		Release|Any CPU = Release|Any CPU
	EndGlobalSection
	GlobalSection(ProjectConfigurationPlatforms) = postSolution
		{15ADE546-17AF-4B41-9B18-475B2EE72C3B}.Debug|Any CPU.ActiveCfg = Debug|Any CPU
		{15ADE546-17AF-4B41-9B18-475B2EE72C3B}.Debug|Any CPU.Build.0 = Debug|Any CPU
		{15ADE546-17AF-4B41-9B18-475B2EE72C3B}.Release|Any CPU.ActiveCfg = Release|Any CPU
		{15ADE546-17AF-4B41-9B18-475B2EE72C3B}.Release|Any CPU.Build.0 = Release|Any CPU
	EndGlobalSection
	GlobalSection(SolutionProperties) = preSolution
		HideSolutionNode = FALSE
	EndGlobalSection
	GlobalSection(ExtensibilityGlobals) = postSolution
		SolutionGuid = {C1C9B342-3EB1-4897-AA4C-946AAE6DB633}
	EndGlobalSection
EndGlobal
